# This file is automatically @generated by Poetry 2.1.3 and should not be changed by hand.

[[package]]
name = "adafruit-blinka"
version = "8.62.0"
description = "CircuitPython APIs for non-CircuitPython versions of Python such as CPython on Linux and MicroPython."
optional = false
python-versions = ">=3.7.0"
groups = ["main"]
files = [
    {file = "adafruit_blinka-8.62.0-py3-none-any.whl", hash = "sha256:22234f4c8fa8ca5717ce588ae90f71b95bcf2869f855bb47a62e9dacc6b1099a"},
    {file = "adafruit_blinka-8.62.0.tar.gz", hash = "sha256:b70d7ffe4ee097676c4035ab4bf36798271c1a6055b4b0cfee27b738a31cfdaa"},
]

[package.dependencies]
adafruit-circuitpython-typing = "*"
Adafruit-PlatformDetect = ">=3.70.1"
Adafruit-PureIO = ">=1.1.7"
binho-host-adapter = ">=0.1.6"
pyftdi = ">=0.40.0"
sysv_ipc = {version = ">=1.1.0", markers = "sys_platform == \"linux\" and platform_machine != \"mips\""}
toml = {version = ">=0.10.2", markers = "python_version < \"3.11\""}

[[package]]
name = "adafruit-circuitpython-busdevice"
version = "5.2.13"
description = "CircuitPython bus device classes to manage bus sharing."
optional = false
python-versions = "*"
groups = ["main"]
files = [
    {file = "adafruit_circuitpython_busdevice-5.2.13-py3-none-any.whl", hash = "sha256:de90f8cd9cc7f8815840f04b6a24c9aa5ec355b368934c7373e219a1c740ea97"},
    {file = "adafruit_circuitpython_busdevice-5.2.13.tar.gz", hash = "sha256:8dbe511f08a347527652f494b55d793c91dc077e01666824b691ae96a05ff2e6"},
]

[package.dependencies]
Adafruit-Blinka = ">=7.0.0"
adafruit-circuitpython-typing = "*"

[[package]]
name = "adafruit-circuitpython-connectionmanager"
version = "3.1.5"
description = "A urllib3.poolmanager/urllib3.connectionpool-like library for managing sockets and connections"
optional = false
python-versions = "*"
groups = ["main"]
files = [
    {file = "adafruit_circuitpython_connectionmanager-3.1.5-py3-none-any.whl", hash = "sha256:cea077efe79eaefcd8fc0d6649dbcc6cb0765f71a08bd944fb163043b18cd094"},
    {file = "adafruit_circuitpython_connectionmanager-3.1.5.tar.gz", hash = "sha256:fc037d7ff81cf7bab7653f2810ed8c65fe228e7d51ca7a630724b412d6c77226"},
]

[package.dependencies]
Adafruit-Blinka = "*"

[[package]]
name = "adafruit-circuitpython-requests"
version = "4.1.13"
description = "A requests-like library for web interfacing"
optional = false
python-versions = "*"
groups = ["main"]
files = [
    {file = "adafruit_circuitpython_requests-4.1.13-py3-none-any.whl", hash = "sha256:2d5af59a96dca033033fcc8c17829c3fb28ed8c36a95fe1093c463f5841bc5a5"},
    {file = "adafruit_circuitpython_requests-4.1.13.tar.gz", hash = "sha256:a63fa4eb5824f1f458030da6f44a060d28c01570ffa48569b992abe8e477a1d6"},
]

[package.dependencies]
Adafruit-Blinka = "*"
Adafruit-Circuitpython-ConnectionManager = "*"

[package.extras]
optional = ["requests"]

[[package]]
name = "adafruit-circuitpython-sht4x"
version = "1.0.24"
description = "Python library for Sensirion SHT4x temperature and humidity sensors"
optional = false
python-versions = "*"
groups = ["main"]
files = [
    {file = "adafruit_circuitpython_sht4x-1.0.24-py3-none-any.whl", hash = "sha256:94616b09bb76bcd127a2975f424f5282ce562dd208a5ced313f3001c71dd6cd8"},
    {file = "adafruit_circuitpython_sht4x-1.0.24.tar.gz", hash = "sha256:e2832ae04a16285f3d59903b61aa5abf1e4b0f4f5f82172c4386680300b84db9"},
]

[package.dependencies]
Adafruit-Blinka = "*"
adafruit-circuitpython-busdevice = "*"

[[package]]
name = "adafruit-circuitpython-typing"
version = "1.12.1"
description = "Types needed for type annotation that are not in `typing`"
optional = false
python-versions = ">=3.8"
groups = ["main"]
files = [
    {file = "adafruit_circuitpython_typing-1.12.1-py3-none-any.whl", hash = "sha256:f1e511f48a76cb4467050db9334fed6761cc1f05921e9edddce7fd3a0b69b459"},
    {file = "adafruit_circuitpython_typing-1.12.1.tar.gz", hash = "sha256:e4b06e07cb385dc098574f2479cd77d07e0a06987c814eab33b9f525ac83a935"},
]

[package.dependencies]
Adafruit-Blinka = "*"
adafruit-circuitpython-busdevice = "*"
adafruit-circuitpython-requests = "*"
typing_extensions = ">=4.0,<5.0"

[[package]]
name = "adafruit-platformdetect"
version = "3.81.0"
description = "Platform detection for use by libraries like Adafruit-Blinka."
optional = false
python-versions = "*"
groups = ["main"]
files = [
    {file = "adafruit_platformdetect-3.81.0-py3-none-any.whl", hash = "sha256:e63c6cbddaff05cadae4385adbfa44cc68a5b04c3c5171cff6db746ffc6d8d17"},
    {file = "adafruit_platformdetect-3.81.0.tar.gz", hash = "sha256:485fce8671db80443954fc47767a042284aeeab48d93e2125846febf7d22f21f"},
]

[[package]]
name = "adafruit-pureio"
version = "1.1.11"
description = "Pure python (i.e. no native extensions) access to Linux IO    including I2C and SPI. Drop in replacement for smbus and spidev modules."
optional = false
python-versions = ">=3.5.0"
groups = ["main"]
files = [
    {file = "Adafruit_PureIO-1.1.11-py3-none-any.whl", hash = "sha256:281ab2099372cc0decc26326918996cbf21b8eed694ec4764d51eefa029d324e"},
    {file = "Adafruit_PureIO-1.1.11.tar.gz", hash = "sha256:c4cfbb365731942d1f1092a116f47dfdae0aef18c5b27f1072b5824ad5ea8c7c"},
]

[[package]]
name = "assertpy"
version = "1.1"
description = "Simple assertion library for unit testing in python with a fluent API"
optional = false
python-versions = "*"
groups = ["dev"]
files = [
    {file = "assertpy-1.1.tar.gz", hash = "sha256:acc64329934ad71a3221de185517a43af33e373bb44dc05b5a9b174394ef4833"},
]

[[package]]
name = "binho-host-adapter"
version = "0.1.6"
description = "Python Libraries for Binho Multi-Protocol USB Host Adapters"
optional = false
python-versions = "*"
groups = ["main"]
files = [
    {file = "binho-host-adapter-0.1.6.tar.gz", hash = "sha256:1e6da7a84e208c13b5f489066f05774bff1d593d0f5bf1ca149c2b8e83eae856"},
    {file = "binho_host_adapter-0.1.6-py3-none-any.whl", hash = "sha256:f71ca176c1e2fc1a5dce128beb286da217555c6c7c805f2ed282a6f3507ec277"},
]

[package.dependencies]
pyserial = "*"

[[package]]
name = "certifi"
version = "2025.8.3"
description = "Python package for providing Mozilla's CA Bundle."
optional = false
python-versions = ">=3.7"
groups = ["main"]
files = [
    {file = "certifi-2025.8.3-py3-none-any.whl", hash = "sha256:f6c12493cfb1b06ba2ff328595af9350c65d6644968e5d3a2ffd78699af217a5"},
    {file = "certifi-2025.8.3.tar.gz", hash = "sha256:e564105f78ded564e3ae7c923924435e1daa7463faeab5bb932bc53ffae63407"},
]

[[package]]
name = "colorama"
version = "0.4.6"
description = "Cross-platform colored terminal text."
optional = false
python-versions = "!=3.0.*,!=3.1.*,!=3.2.*,!=3.3.*,!=3.4.*,!=3.5.*,!=3.6.*,>=2.7"
groups = ["dev"]
markers = "sys_platform == \"win32\""
files = [
    {file = "colorama-0.4.6-py2.py3-none-any.whl", hash = "sha256:4f1d9991f5acc0ca119f9d443620b77f9d6b33703e51011c16baf57afb285fc6"},
    {file = "colorama-0.4.6.tar.gz", hash = "sha256:08695f5cb7ed6e0531a20572697297273c47b8cae5a63ffc6d6ed5c201be6e44"},
]

[[package]]
name = "coverage"
version = "7.10.2"
description = "Code coverage measurement for Python"
optional = false
python-versions = ">=3.9"
groups = ["dev"]
files = [
    {file = "coverage-7.10.2-cp310-cp310-macosx_10_9_x86_64.whl", hash = "sha256:79f0283ab5e6499fd5fe382ca3d62afa40fb50ff227676a3125d18af70eabf65"},
    {file = "coverage-7.10.2-cp310-cp310-macosx_11_0_arm64.whl", hash = "sha256:e4545e906f595ee8ab8e03e21be20d899bfc06647925bc5b224ad7e8c40e08b8"},
    {file = "coverage-7.10.2-cp310-cp310-manylinux1_i686.manylinux_2_28_i686.manylinux_2_5_i686.whl", hash = "sha256:ae385e1d58fbc6a9b1c315e5510ac52281e271478b45f92ca9b5ad42cf39643f"},
    {file = "coverage-7.10.2-cp310-cp310-manylinux1_x86_64.manylinux_2_28_x86_64.manylinux_2_5_x86_64.whl", hash = "sha256:6f0cbe5f7dd19f3a32bac2251b95d51c3b89621ac88a2648096ce40f9a5aa1e7"},
    {file = "coverage-7.10.2-cp310-cp310-manylinux2014_aarch64.manylinux_2_17_aarch64.manylinux_2_28_aarch64.whl", hash = "sha256:fd17f427f041f6b116dc90b4049c6f3e1230524407d00daa2d8c7915037b5947"},
    {file = "coverage-7.10.2-cp310-cp310-musllinux_1_2_aarch64.whl", hash = "sha256:7f10ca4cde7b466405cce0a0e9971a13eb22e57a5ecc8b5f93a81090cc9c7eb9"},
    {file = "coverage-7.10.2-cp310-cp310-musllinux_1_2_i686.whl", hash = "sha256:3b990df23dd51dccce26d18fb09fd85a77ebe46368f387b0ffba7a74e470b31b"},
    {file = "coverage-7.10.2-cp310-cp310-musllinux_1_2_x86_64.whl", hash = "sha256:cc3902584d25c7eef57fb38f440aa849a26a3a9f761a029a72b69acfca4e31f8"},
    {file = "coverage-7.10.2-cp310-cp310-win32.whl", hash = "sha256:9dd37e9ac00d5eb72f38ed93e3cdf2280b1dbda3bb9b48c6941805f265ad8d87"},
    {file = "coverage-7.10.2-cp310-cp310-win_amd64.whl", hash = "sha256:99d16f15cb5baf0729354c5bd3080ae53847a4072b9ba1e10957522fb290417f"},
    {file = "coverage-7.10.2-cp311-cp311-macosx_10_9_x86_64.whl", hash = "sha256:2c3b210d79925a476dfc8d74c7d53224888421edebf3a611f3adae923e212b27"},
    {file = "coverage-7.10.2-cp311-cp311-macosx_11_0_arm64.whl", hash = "sha256:bf67d1787cd317c3f8b2e4c6ed1ae93497be7e30605a0d32237ac37a37a8a322"},
    {file = "coverage-7.10.2-cp311-cp311-manylinux1_i686.manylinux_2_28_i686.manylinux_2_5_i686.whl", hash = "sha256:069b779d03d458602bc0e27189876e7d8bdf6b24ac0f12900de22dd2154e6ad7"},
    {file = "coverage-7.10.2-cp311-cp311-manylinux1_x86_64.manylinux_2_28_x86_64.manylinux_2_5_x86_64.whl", hash = "sha256:4c2de4cb80b9990e71c62c2d3e9f3ec71b804b1f9ca4784ec7e74127e0f42468"},
    {file = "coverage-7.10.2-cp311-cp311-manylinux2014_aarch64.manylinux_2_17_aarch64.manylinux_2_28_aarch64.whl", hash = "sha256:75bf7ab2374a7eb107602f1e07310cda164016cd60968abf817b7a0b5703e288"},
    {file = "coverage-7.10.2-cp311-cp311-musllinux_1_2_aarch64.whl", hash = "sha256:3f37516458ec1550815134937f73d6d15b434059cd10f64678a2068f65c62406"},
    {file = "coverage-7.10.2-cp311-cp311-musllinux_1_2_i686.whl", hash = "sha256:de3c6271c482c250d3303fb5c6bdb8ca025fff20a67245e1425df04dc990ece9"},
    {file = "coverage-7.10.2-cp311-cp311-musllinux_1_2_x86_64.whl", hash = "sha256:98a838101321ac3089c9bb1d4bfa967e8afed58021fda72d7880dc1997f20ae1"},
    {file = "coverage-7.10.2-cp311-cp311-win32.whl", hash = "sha256:f2a79145a531a0e42df32d37be5af069b4a914845b6f686590739b786f2f7bce"},
    {file = "coverage-7.10.2-cp311-cp311-win_amd64.whl", hash = "sha256:e4f5f1320f8ee0d7cfa421ceb257bef9d39fd614dd3ddcfcacd284d4824ed2c2"},
    {file = "coverage-7.10.2-cp311-cp311-win_arm64.whl", hash = "sha256:d8f2d83118f25328552c728b8e91babf93217db259ca5c2cd4dd4220b8926293"},
    {file = "coverage-7.10.2-cp312-cp312-macosx_10_13_x86_64.whl", hash = "sha256:890ad3a26da9ec7bf69255b9371800e2a8da9bc223ae5d86daeb940b42247c83"},
    {file = "coverage-7.10.2-cp312-cp312-macosx_11_0_arm64.whl", hash = "sha256:38fd1ccfca7838c031d7a7874d4353e2f1b98eb5d2a80a2fe5732d542ae25e9c"},
    {file = "coverage-7.10.2-cp312-cp312-manylinux1_i686.manylinux_2_28_i686.manylinux_2_5_i686.whl", hash = "sha256:76c1ffaaf4f6f0f6e8e9ca06f24bb6454a7a5d4ced97a1bc466f0d6baf4bd518"},
    {file = "coverage-7.10.2-cp312-cp312-manylinux1_x86_64.manylinux_2_28_x86_64.manylinux_2_5_x86_64.whl", hash = "sha256:86da8a3a84b79ead5c7d0e960c34f580bc3b231bb546627773a3f53c532c2f21"},
    {file = "coverage-7.10.2-cp312-cp312-manylinux2014_aarch64.manylinux_2_17_aarch64.manylinux_2_28_aarch64.whl", hash = "sha256:99cef9731c8a39801830a604cc53c93c9e57ea8b44953d26589499eded9576e0"},
    {file = "coverage-7.10.2-cp312-cp312-musllinux_1_2_aarch64.whl", hash = "sha256:ea58b112f2966a8b91eb13f5d3b1f8bb43c180d624cd3283fb33b1cedcc2dd75"},
    {file = "coverage-7.10.2-cp312-cp312-musllinux_1_2_i686.whl", hash = "sha256:20f405188d28da9522b7232e51154e1b884fc18d0b3a10f382d54784715bbe01"},
    {file = "coverage-7.10.2-cp312-cp312-musllinux_1_2_x86_64.whl", hash = "sha256:64586ce42bbe0da4d9f76f97235c545d1abb9b25985a8791857690f96e23dc3b"},
    {file = "coverage-7.10.2-cp312-cp312-win32.whl", hash = "sha256:bc2e69b795d97ee6d126e7e22e78a509438b46be6ff44f4dccbb5230f550d340"},
    {file = "coverage-7.10.2-cp312-cp312-win_amd64.whl", hash = "sha256:adda2268b8cf0d11f160fad3743b4dfe9813cd6ecf02c1d6397eceaa5b45b388"},
    {file = "coverage-7.10.2-cp312-cp312-win_arm64.whl", hash = "sha256:164429decd0d6b39a0582eaa30c67bf482612c0330572343042d0ed9e7f15c20"},
    {file = "coverage-7.10.2-cp313-cp313-macosx_10_13_x86_64.whl", hash = "sha256:aca7b5645afa688de6d4f8e89d30c577f62956fefb1bad021490d63173874186"},
    {file = "coverage-7.10.2-cp313-cp313-macosx_11_0_arm64.whl", hash = "sha256:96e5921342574a14303dfdb73de0019e1ac041c863743c8fe1aa6c2b4a257226"},
    {file = "coverage-7.10.2-cp313-cp313-manylinux1_i686.manylinux_2_28_i686.manylinux_2_5_i686.whl", hash = "sha256:11333094c1bff621aa811b67ed794865cbcaa99984dedea4bd9cf780ad64ecba"},
    {file = "coverage-7.10.2-cp313-cp313-manylinux1_x86_64.manylinux_2_28_x86_64.manylinux_2_5_x86_64.whl", hash = "sha256:6eb586fa7d2aee8d65d5ae1dd71414020b2f447435c57ee8de8abea0a77d5074"},
    {file = "coverage-7.10.2-cp313-cp313-manylinux2014_aarch64.manylinux_2_17_aarch64.manylinux_2_28_aarch64.whl", hash = "sha256:2d358f259d8019d4ef25d8c5b78aca4c7af25e28bd4231312911c22a0e824a57"},
    {file = "coverage-7.10.2-cp313-cp313-musllinux_1_2_aarch64.whl", hash = "sha256:5250bda76e30382e0a2dcd68d961afcab92c3a7613606e6269855c6979a1b0bb"},
    {file = "coverage-7.10.2-cp313-cp313-musllinux_1_2_i686.whl", hash = "sha256:a91e027d66eff214d88d9afbe528e21c9ef1ecdf4956c46e366c50f3094696d0"},
    {file = "coverage-7.10.2-cp313-cp313-musllinux_1_2_x86_64.whl", hash = "sha256:228946da741558904e2c03ce870ba5efd9cd6e48cbc004d9a27abee08100a15a"},
    {file = "coverage-7.10.2-cp313-cp313-win32.whl", hash = "sha256:95e23987b52d02e7c413bf2d6dc6288bd5721beb518052109a13bfdc62c8033b"},
    {file = "coverage-7.10.2-cp313-cp313-win_amd64.whl", hash = "sha256:f35481d42c6d146d48ec92d4e239c23f97b53a3f1fbd2302e7c64336f28641fe"},
    {file = "coverage-7.10.2-cp313-cp313-win_arm64.whl", hash = "sha256:65b451949cb789c346f9f9002441fc934d8ccedcc9ec09daabc2139ad13853f7"},
    {file = "coverage-7.10.2-cp313-cp313t-macosx_10_13_x86_64.whl", hash = "sha256:e8415918856a3e7d57a4e0ad94651b761317de459eb74d34cc1bb51aad80f07e"},
    {file = "coverage-7.10.2-cp313-cp313t-macosx_11_0_arm64.whl", hash = "sha256:f287a25a8ca53901c613498e4a40885b19361a2fe8fbfdbb7f8ef2cad2a23f03"},
    {file = "coverage-7.10.2-cp313-cp313t-manylinux1_i686.manylinux_2_28_i686.manylinux_2_5_i686.whl", hash = "sha256:75cc1a3f8c88c69bf16a871dab1fe5a7303fdb1e9f285f204b60f1ee539b8fc0"},
    {file = "coverage-7.10.2-cp313-cp313t-manylinux1_x86_64.manylinux_2_28_x86_64.manylinux_2_5_x86_64.whl", hash = "sha256:ca07fa78cc9d26bc8c4740de1abd3489cf9c47cc06d9a8ab3d552ff5101af4c0"},
    {file = "coverage-7.10.2-cp313-cp313t-manylinux2014_aarch64.manylinux_2_17_aarch64.manylinux_2_28_aarch64.whl", hash = "sha256:c2e117e64c26300032755d4520cd769f2623cde1a1d1c3515b05a3b8add0ade1"},
    {file = "coverage-7.10.2-cp313-cp313t-musllinux_1_2_aarch64.whl", hash = "sha256:daaf98009977f577b71f8800208f4d40d4dcf5c2db53d4d822787cdc198d76e1"},
    {file = "coverage-7.10.2-cp313-cp313t-musllinux_1_2_i686.whl", hash = "sha256:ea8d8fe546c528535c761ba424410bbeb36ba8a0f24be653e94b70c93fd8a8ca"},
    {file = "coverage-7.10.2-cp313-cp313t-musllinux_1_2_x86_64.whl", hash = "sha256:fe024d40ac31eb8d5aae70215b41dafa264676caa4404ae155f77d2fa95c37bb"},
    {file = "coverage-7.10.2-cp313-cp313t-win32.whl", hash = "sha256:8f34b09f68bdadec122ffad312154eda965ade433559cc1eadd96cca3de5c824"},
    {file = "coverage-7.10.2-cp313-cp313t-win_amd64.whl", hash = "sha256:71d40b3ac0f26fa9ffa6ee16219a714fed5c6ec197cdcd2018904ab5e75bcfa3"},
    {file = "coverage-7.10.2-cp313-cp313t-win_arm64.whl", hash = "sha256:abb57fdd38bf6f7dcc66b38dafb7af7c5fdc31ac6029ce373a6f7f5331d6f60f"},
    {file = "coverage-7.10.2-cp314-cp314-macosx_10_13_x86_64.whl", hash = "sha256:a3e853cc04987c85ec410905667eed4bf08b1d84d80dfab2684bb250ac8da4f6"},
    {file = "coverage-7.10.2-cp314-cp314-macosx_11_0_arm64.whl", hash = "sha256:0100b19f230df72c90fdb36db59d3f39232391e8d89616a7de30f677da4f532b"},
    {file = "coverage-7.10.2-cp314-cp314-manylinux1_i686.manylinux_2_28_i686.manylinux_2_5_i686.whl", hash = "sha256:9c1cd71483ea78331bdfadb8dcec4f4edfb73c7002c1206d8e0af6797853f5be"},
    {file = "coverage-7.10.2-cp314-cp314-manylinux1_x86_64.manylinux_2_28_x86_64.manylinux_2_5_x86_64.whl", hash = "sha256:9f75dbf4899e29a37d74f48342f29279391668ef625fdac6d2f67363518056a1"},
    {file = "coverage-7.10.2-cp314-cp314-manylinux2014_aarch64.manylinux_2_17_aarch64.manylinux_2_28_aarch64.whl", hash = "sha256:a7df481e7508de1c38b9b8043da48d94931aefa3e32b47dd20277e4978ed5b95"},
    {file = "coverage-7.10.2-cp314-cp314-musllinux_1_2_aarch64.whl", hash = "sha256:835f39e618099325e7612b3406f57af30ab0a0af350490eff6421e2e5f608e46"},
    {file = "coverage-7.10.2-cp314-cp314-musllinux_1_2_i686.whl", hash = "sha256:12e52b5aa00aa720097d6947d2eb9e404e7c1101ad775f9661ba165ed0a28303"},
    {file = "coverage-7.10.2-cp314-cp314-musllinux_1_2_x86_64.whl", hash = "sha256:718044729bf1fe3e9eb9f31b52e44ddae07e434ec050c8c628bf5adc56fe4bdd"},
    {file = "coverage-7.10.2-cp314-cp314-win32.whl", hash = "sha256:f256173b48cc68486299d510a3e729a96e62c889703807482dbf56946befb5c8"},
    {file = "coverage-7.10.2-cp314-cp314-win_amd64.whl", hash = "sha256:2e980e4179f33d9b65ac4acb86c9c0dde904098853f27f289766657ed16e07b3"},
    {file = "coverage-7.10.2-cp314-cp314-win_arm64.whl", hash = "sha256:14fb5b6641ab5b3c4161572579f0f2ea8834f9d3af2f7dd8fbaecd58ef9175cc"},
    {file = "coverage-7.10.2-cp314-cp314t-macosx_10_13_x86_64.whl", hash = "sha256:e96649ac34a3d0e6491e82a2af71098e43be2874b619547c3282fc11d3840a4b"},
    {file = "coverage-7.10.2-cp314-cp314t-macosx_11_0_arm64.whl", hash = "sha256:1a2e934e9da26341d342d30bfe91422bbfdb3f1f069ec87f19b2909d10d8dcc4"},
    {file = "coverage-7.10.2-cp314-cp314t-manylinux1_i686.manylinux_2_28_i686.manylinux_2_5_i686.whl", hash = "sha256:651015dcd5fd9b5a51ca79ece60d353cacc5beaf304db750407b29c89f72fe2b"},
    {file = "coverage-7.10.2-cp314-cp314t-manylinux1_x86_64.manylinux_2_28_x86_64.manylinux_2_5_x86_64.whl", hash = "sha256:81bf6a32212f9f66da03d63ecb9cd9bd48e662050a937db7199dbf47d19831de"},
    {file = "coverage-7.10.2-cp314-cp314t-manylinux2014_aarch64.manylinux_2_17_aarch64.manylinux_2_28_aarch64.whl", hash = "sha256:d800705f6951f75a905ea6feb03fff8f3ea3468b81e7563373ddc29aa3e5d1ca"},
    {file = "coverage-7.10.2-cp314-cp314t-musllinux_1_2_aarch64.whl", hash = "sha256:248b5394718e10d067354448dc406d651709c6765669679311170da18e0e9af8"},
    {file = "coverage-7.10.2-cp314-cp314t-musllinux_1_2_i686.whl", hash = "sha256:5c61675a922b569137cf943770d7ad3edd0202d992ce53ac328c5ff68213ccf4"},
    {file = "coverage-7.10.2-cp314-cp314t-musllinux_1_2_x86_64.whl", hash = "sha256:52d708b5fd65589461381fa442d9905f5903d76c086c6a4108e8e9efdca7a7ed"},
    {file = "coverage-7.10.2-cp314-cp314t-win32.whl", hash = "sha256:916369b3b914186b2c5e5ad2f7264b02cff5df96cdd7cdad65dccd39aa5fd9f0"},
    {file = "coverage-7.10.2-cp314-cp314t-win_amd64.whl", hash = "sha256:5b9d538e8e04916a5df63052d698b30c74eb0174f2ca9cd942c981f274a18eaf"},
    {file = "coverage-7.10.2-cp314-cp314t-win_arm64.whl", hash = "sha256:04c74f9ef1f925456a9fd23a7eef1103126186d0500ef9a0acb0bd2514bdc7cc"},
    {file = "coverage-7.10.2-cp39-cp39-macosx_10_9_x86_64.whl", hash = "sha256:765b13b164685a2f8b2abef867ad07aebedc0e090c757958a186f64e39d63dbd"},
    {file = "coverage-7.10.2-cp39-cp39-macosx_11_0_arm64.whl", hash = "sha256:a219b70100500d0c7fd3ebb824a3302efb6b1a122baa9d4eb3f43df8f0b3d899"},
    {file = "coverage-7.10.2-cp39-cp39-manylinux1_i686.manylinux_2_28_i686.manylinux_2_5_i686.whl", hash = "sha256:e33e79a219105aa315439ee051bd50b6caa705dc4164a5aba6932c8ac3ce2d98"},
    {file = "coverage-7.10.2-cp39-cp39-manylinux1_x86_64.manylinux_2_28_x86_64.manylinux_2_5_x86_64.whl", hash = "sha256:bc3945b7bad33957a9eca16e9e5eae4b17cb03173ef594fdaad228f4fc7da53b"},
    {file = "coverage-7.10.2-cp39-cp39-manylinux2014_aarch64.manylinux_2_17_aarch64.manylinux_2_28_aarch64.whl", hash = "sha256:9bdff88e858ee608a924acfad32a180d2bf6e13e059d6a7174abbae075f30436"},
    {file = "coverage-7.10.2-cp39-cp39-musllinux_1_2_aarch64.whl", hash = "sha256:44329cbed24966c0b49acb386352c9722219af1f0c80db7f218af7793d251902"},
    {file = "coverage-7.10.2-cp39-cp39-musllinux_1_2_i686.whl", hash = "sha256:be127f292496d0fbe20d8025f73221b36117b3587f890346e80a13b310712982"},
    {file = "coverage-7.10.2-cp39-cp39-musllinux_1_2_x86_64.whl", hash = "sha256:6c031da749a05f7a01447dd7f47beedb498edd293e31e1878c0d52db18787df0"},
    {file = "coverage-7.10.2-cp39-cp39-win32.whl", hash = "sha256:22aca3e691c7709c5999ccf48b7a8ff5cf5a8bd6fe9b36efbd4993f5a36b2fcf"},
    {file = "coverage-7.10.2-cp39-cp39-win_amd64.whl", hash = "sha256:c7195444b932356055a8e287fa910bf9753a84a1bc33aeb3770e8fca521e032e"},
    {file = "coverage-7.10.2-py3-none-any.whl", hash = "sha256:95db3750dd2e6e93d99fa2498f3a1580581e49c494bddccc6f85c5c21604921f"},
    {file = "coverage-7.10.2.tar.gz", hash = "sha256:5d6e6d84e6dd31a8ded64759626627247d676a23c1b892e1326f7c55c8d61055"},
]

[package.dependencies]
tomli = {version = "*", optional = true, markers = "python_full_version <= \"3.11.0a6\" and extra == \"toml\""}

[package.extras]
toml = ["tomli ; python_full_version <= \"3.11.0a6\""]

[[package]]
name = "exceptiongroup"
version = "1.3.0"
description = "Backport of PEP 654 (exception groups)"
optional = false
python-versions = ">=3.7"
groups = ["dev"]
markers = "python_version < \"3.11\""
files = [
    {file = "exceptiongroup-1.3.0-py3-none-any.whl", hash = "sha256:4d111e6e0c13d0644cad6ddaa7ed0261a0b36971f6d23e7ec9b4b9097da78a10"},
    {file = "exceptiongroup-1.3.0.tar.gz", hash = "sha256:b241f5885f560bc56a59ee63ca4c6a8bfa46ae4ad651af316d4e81817bb9fd88"},
]

[package.dependencies]
typing-extensions = {version = ">=4.6.0", markers = "python_version < \"3.13\""}

[package.extras]
test = ["pytest (>=6)"]

[[package]]
name = "influxdb-client"
version = "1.49.0"
description = "InfluxDB 2.0 Python client library"
optional = false
python-versions = ">=3.7"
groups = ["main"]
files = [
    {file = "influxdb_client-1.49.0-py3-none-any.whl", hash = "sha256:b3a688f02cdf18e17ec08ef35bee489fdb90e4e5969bd0a8dd1a8657a66d892b"},
    {file = "influxdb_client-1.49.0.tar.gz", hash = "sha256:4a53a218adef6ac9458bfbd31fa08c76194f70310c6b4e01f53d804bd2c48e03"},
]

[package.dependencies]
certifi = ">=14.05.14"
python-dateutil = ">=2.5.3"
reactivex = ">=4.0.4"
setuptools = ">=21.0.0"
urllib3 = ">=1.26.0"

[package.extras]
async = ["aiocsv (>=1.2.2)", "aiohttp (>=3.8.1)"]
ciso = ["ciso8601 (>=2.1.1)"]
extra = ["numpy", "pandas (>=1.0.0)"]
test = ["aioresponses (>=0.7.3)", "coverage (>=4.0.3)", "flake8 (>=5.0.3)", "httpretty (==1.0.5)", "jinja2 (>=3.1.4)", "nose (>=1.3.7)", "pluggy (>=0.3.1)", "psutil (>=5.6.3)", "py (>=1.4.31)", "pytest (>=5.0.0)", "pytest-cov (>=3.0.0)", "pytest-timeout (>=2.1.0)", "randomize (>=0.13)", "sphinx (==1.8.5)", "sphinx-rtd-theme"]

[[package]]
name = "iniconfig"
version = "2.1.0"
description = "brain-dead simple config-ini parsing"
optional = false
python-versions = ">=3.8"
groups = ["dev"]
files = [
    {file = "iniconfig-2.1.0-py3-none-any.whl", hash = "sha256:9deba5723312380e77435581c6bf4935c94cbfab9b1ed33ef8d238ea168eb760"},
    {file = "iniconfig-2.1.0.tar.gz", hash = "sha256:3abbd2e30b36733fee78f9c7f7308f2d0050e88f0087fd25c2645f63c773e1c7"},
]

[[package]]
name = "lazy"
version = "1.6"
description = "Lazy attributes for Python objects"
optional = false
python-versions = "!=3.0.*,!=3.1.*,!=3.2.*,!=3.3.*,>=2.7"
groups = ["main"]
files = [
    {file = "lazy-1.6-py2.py3-none-any.whl", hash = "sha256:449375c125c7acac6b7a93f71b8e7ccb06546c37b161613f92d2d3981f793244"},
    {file = "lazy-1.6.tar.gz", hash = "sha256:7127324ec709e8324f08cb4611c1abe01776bda53bb9ce68dc5dfa46ca0ed3e9"},
]

[package.extras]
docs = ["sphinx (==5.3.0)", "sphinx-rtd-theme (==1.0.0)"]
mypy = ["mypy"]

[[package]]
name = "mock"
version = "5.2.0"
description = "Rolling backport of unittest.mock for all Pythons"
optional = false
python-versions = ">=3.6"
groups = ["dev"]
files = [
    {file = "mock-5.2.0-py3-none-any.whl", hash = "sha256:7ba87f72ca0e915175596069dbbcc7c75af7b5e9b9bc107ad6349ede0819982f"},
    {file = "mock-5.2.0.tar.gz", hash = "sha256:4e460e818629b4b173f32d08bf30d3af8123afbb8e04bb5707a1fd4799e503f0"},
]

[package.extras]
build = ["blurb", "twine", "wheel"]
docs = ["sphinx"]
test = ["pytest", "pytest-cov"]

[[package]]
name = "packaging"
version = "25.0"
description = "Core utilities for Python packages"
optional = false
python-versions = ">=3.8"
groups = ["dev"]
files = [
    {file = "packaging-25.0-py3-none-any.whl", hash = "sha256:29572ef2b1f17581046b3a2227d5c611fb25ec70ca1ba8554b24b0e69331a484"},
    {file = "packaging-25.0.tar.gz", hash = "sha256:d443872c98d677bf60f6a1f2f8c1cb748e8fe762d2bf9d3148b5599295b0fc4f"},
]

[[package]]
name = "paho-mqtt"
version = "2.1.0"
description = "MQTT version 5.0/3.1.1 client class"
optional = false
python-versions = ">=3.7"
groups = ["main"]
files = [
    {file = "paho_mqtt-2.1.0-py3-none-any.whl", hash = "sha256:6db9ba9b34ed5bc6b6e3812718c7e06e2fd7444540df2455d2c51bd58808feee"},
    {file = "paho_mqtt-2.1.0.tar.gz", hash = "sha256:12d6e7511d4137555a3f6ea167ae846af2c7357b10bc6fa4f7c3968fc1723834"},
]

[package.extras]
proxy = ["pysocks"]

[[package]]
name = "pluggy"
version = "1.6.0"
description = "plugin and hook calling mechanisms for python"
optional = false
python-versions = ">=3.9"
groups = ["dev"]
files = [
    {file = "pluggy-1.6.0-py3-none-any.whl", hash = "sha256:e920276dd6813095e9377c0bc5566d94c932c33b27a3e3945d8389c374dd4746"},
    {file = "pluggy-1.6.0.tar.gz", hash = "sha256:7dcc130b76258d33b90f61b658791dede3486c3e6bfb003ee5c9bfb396dd22f3"},
]

[package.extras]
dev = ["pre-commit", "tox"]
testing = ["coverage", "pytest", "pytest-benchmark"]

[[package]]
name = "pyftdi"
version = "0.56.0"
description = "FTDI device driver (pure Python)"
optional = false
python-versions = ">=3.9"
groups = ["main"]
files = [
    {file = "pyftdi-0.56.0-py3-none-any.whl", hash = "sha256:3ef0baadbf9031dde9d623ae66fac2d16ded36ce1b66c17765ca1944cb38b8b0"},
]

[package.dependencies]
pyserial = ">=3.0"
pyusb = ">=1.0.0,<1.2.0 || >1.2.0"

[[package]]
name = "pygments"
version = "2.19.2"
description = "Pygments is a syntax highlighting package written in Python."
optional = false
python-versions = ">=3.8"
groups = ["dev"]
files = [
    {file = "pygments-2.19.2-py3-none-any.whl", hash = "sha256:86540386c03d588bb81d44bc3928634ff26449851e99741617ecb9037ee5ec0b"},
    {file = "pygments-2.19.2.tar.gz", hash = "sha256:636cb2477cec7f8952536970bc533bc43743542f70392ae026374600add5b887"},
]

[package.extras]
windows-terminal = ["colorama (>=0.4.6)"]

[[package]]
name = "pyserial"
version = "3.5"
description = "Python Serial Port Extension"
optional = false
python-versions = "*"
groups = ["main"]
files = [
    {file = "pyserial-3.5-py2.py3-none-any.whl", hash = "sha256:c4451db6ba391ca6ca299fb3ec7bae67a5c55dde170964c7a14ceefec02f2cf0"},
    {file = "pyserial-3.5.tar.gz", hash = "sha256:3c77e014170dfffbd816e6ffc205e9842efb10be9f58ec16d3e8675b4925cddb"},
]

[package.extras]
cp2110 = ["hidapi"]

[[package]]
name = "pytest"
version = "8.4.1"
description = "pytest: simple powerful testing with Python"
optional = false
python-versions = ">=3.9"
groups = ["dev"]
files = [
    {file = "pytest-8.4.1-py3-none-any.whl", hash = "sha256:539c70ba6fcead8e78eebbf1115e8b589e7565830d7d006a8723f19ac8a0afb7"},
    {file = "pytest-8.4.1.tar.gz", hash = "sha256:7c67fd69174877359ed9371ec3af8a3d2b04741818c51e5e99cc1742251fa93c"},
]

[package.dependencies]
colorama = {version = ">=0.4", markers = "sys_platform == \"win32\""}
exceptiongroup = {version = ">=1", markers = "python_version < \"3.11\""}
iniconfig = ">=1"
packaging = ">=20"
pluggy = ">=1.5,<2"
pygments = ">=2.7.2"
tomli = {version = ">=1", markers = "python_version < \"3.11\""}

[package.extras]
dev = ["argcomplete", "attrs (>=19.2)", "hypothesis (>=3.56)", "mock", "requests", "setuptools", "xmlschema"]

[[package]]
name = "pytest-cov"
version = "5.0.0"
description = "Pytest plugin for measuring coverage."
optional = false
python-versions = ">=3.8"
groups = ["dev"]
files = [
    {file = "pytest-cov-5.0.0.tar.gz", hash = "sha256:5837b58e9f6ebd335b0f8060eecce69b662415b16dc503883a02f45dfeb14857"},
    {file = "pytest_cov-5.0.0-py3-none-any.whl", hash = "sha256:4f0764a1219df53214206bf1feea4633c3b558a2925c8b59f144f682861ce652"},
]

[package.dependencies]
coverage = {version = ">=5.2.1", extras = ["toml"]}
pytest = ">=4.6"

[package.extras]
testing = ["fields", "hunter", "process-tests", "pytest-xdist", "virtualenv"]

[[package]]
name = "pytest-mock"
version = "3.14.1"
description = "Thin-wrapper around the mock package for easier use with pytest"
optional = false
python-versions = ">=3.8"
groups = ["dev"]
files = [
    {file = "pytest_mock-3.14.1-py3-none-any.whl", hash = "sha256:178aefcd11307d874b4cd3100344e7e2d888d9791a6a1d9bfe90fbc1b74fd1d0"},
    {file = "pytest_mock-3.14.1.tar.gz", hash = "sha256:159e9edac4c451ce77a5cdb9fc5d1100708d2dd4ba3c3df572f14097351af80e"},
]

[package.dependencies]
pytest = ">=6.2.5"

[package.extras]
dev = ["pre-commit", "pytest-asyncio", "tox"]

[[package]]
name = "python-dateutil"
version = "2.9.0.post0"
description = "Extensions to the standard Python datetime module"
optional = false
python-versions = "!=3.0.*,!=3.1.*,!=3.2.*,>=2.7"
groups = ["main"]
files = [
    {file = "python-dateutil-2.9.0.post0.tar.gz", hash = "sha256:37dd54208da7e1cd875388217d5e00ebd4179249f90fb72437e91a35459a0ad3"},
    {file = "python_dateutil-2.9.0.post0-py2.py3-none-any.whl", hash = "sha256:a8b2bc7bffae282281c8140a97d3aa9c14da0b136dfe83f850eea9a5f7470427"},
]

[package.dependencies]
six = ">=1.5"

[[package]]
name = "pyusb"
version = "1.3.1"
description = "Easy USB access for Python"
optional = false
python-versions = ">=3.9.0"
groups = ["main"]
files = [
    {file = "pyusb-1.3.1-py3-none-any.whl", hash = "sha256:bf9b754557af4717fe80c2b07cc2b923a9151f5c08d17bdb5345dac09d6a0430"},
    {file = "pyusb-1.3.1.tar.gz", hash = "sha256:3af070b607467c1c164f49d5b0caabe8ac78dbed9298d703a8dbf9df4052d17e"},
]

[[package]]
name = "reactivex"
version = "4.0.4"
description = "ReactiveX (Rx) for Python"
optional = false
python-versions = ">=3.7,<4.0"
groups = ["main"]
files = [
    {file = "reactivex-4.0.4-py3-none-any.whl", hash = "sha256:0004796c420bd9e68aad8e65627d85a8e13f293de76656165dffbcb3a0e3fb6a"},
    {file = "reactivex-4.0.4.tar.gz", hash = "sha256:e912e6591022ab9176df8348a653fe8c8fa7a301f26f9931c9d8c78a650e04e8"},
]

[package.dependencies]
typing-extensions = ">=4.1.1,<5.0.0"

[[package]]
name = "setuptools"
version = "80.9.0"
description = "Easily download, build, install, upgrade, and uninstall Python packages"
optional = false
python-versions = ">=3.9"
groups = ["main"]
files = [
    {file = "setuptools-80.9.0-py3-none-any.whl", hash = "sha256:062d34222ad13e0cc312a4c02d73f059e86a4acbfbdea8f8f76b28c99f306922"},
    {file = "setuptools-80.9.0.tar.gz", hash = "sha256:f36b47402ecde768dbfafc46e8e4207b4360c654f1f3bb84475f0a28628fb19c"},
]

[package.extras]
check = ["pytest-checkdocs (>=2.4)", "pytest-ruff (>=0.2.1) ; sys_platform != \"cygwin\"", "ruff (>=0.8.0) ; sys_platform != \"cygwin\""]
core = ["importlib_metadata (>=6) ; python_version < \"3.10\"", "jaraco.functools (>=4)", "jaraco.text (>=3.7)", "more_itertools", "more_itertools (>=8.8)", "packaging (>=24.2)", "platformdirs (>=4.2.2)", "tomli (>=2.0.1) ; python_version < \"3.11\"", "wheel (>=0.43.0)"]
cover = ["pytest-cov"]
doc = ["furo", "jaraco.packaging (>=9.3)", "jaraco.tidelift (>=1.4)", "pygments-github-lexers (==0.0.5)", "pyproject-hooks (!=1.1)", "rst.linker (>=1.9)", "sphinx (>=3.5)", "sphinx-favicon", "sphinx-inline-tabs", "sphinx-lint", "sphinx-notfound-page (>=1,<2)", "sphinx-reredirects", "sphinxcontrib-towncrier", "towncrier (<24.7)"]
enabler = ["pytest-enabler (>=2.2)"]
test = ["build[virtualenv] (>=1.0.3)", "filelock (>=3.4.0)", "ini2toml[lite] (>=0.14)", "jaraco.develop (>=7.21) ; python_version >= \"3.9\" and sys_platform != \"cygwin\"", "jaraco.envs (>=2.2)", "jaraco.path (>=3.7.2)", "jaraco.test (>=5.5)", "packaging (>=24.2)", "pip (>=19.1)", "pyproject-hooks (!=1.1)", "pytest (>=6,!=8.1.*)", "pytest-home (>=0.5)", "pytest-perf ; sys_platform != \"cygwin\"", "pytest-subprocess", "pytest-timeout", "pytest-xdist (>=3)", "tomli-w (>=1.0.0)", "virtualenv (>=13.0.0)", "wheel (>=0.44.0)"]
type = ["importlib_metadata (>=7.0.2) ; python_version < \"3.10\"", "jaraco.develop (>=7.21) ; sys_platform != \"cygwin\"", "mypy (==1.14.*)", "pytest-mypy"]

[[package]]
name = "six"
version = "1.17.0"
description = "Python 2 and 3 compatibility utilities"
optional = false
python-versions = "!=3.0.*,!=3.1.*,!=3.2.*,>=2.7"
groups = ["main"]
files = [
    {file = "six-1.17.0-py2.py3-none-any.whl", hash = "sha256:4721f391ed90541fddacab5acf947aa0d3dc7d27b2e1e8eda2be8970586c3274"},
    {file = "six-1.17.0.tar.gz", hash = "sha256:ff70335d468e7eb6ec65b95b99d3a2836546063f63acc5171de367e834932a81"},
]

[[package]]
name = "sysv-ipc"
version = "1.1.0"
description = "System V IPC primitives (semaphores, shared memory and message queues) for Python"
optional = false
python-versions = "*"
groups = ["main"]
markers = "sys_platform == \"linux\" and platform_machine != \"mips\""
files = [
    {file = "sysv_ipc-1.1.0-cp36-cp36m-macosx_10_9_x86_64.whl", hash = "sha256:ff6e3c98d8aa3e1ae5378d86869c4699c76f94318705d08085c97fb010770a31"},
    {file = "sysv_ipc-1.1.0-cp37-cp37m-macosx_10_9_x86_64.whl", hash = "sha256:30611dccecd8fa0dc9f83d4d465e5047692df0ec9a095abef8b90ccc64afbdaf"},
    {file = "sysv_ipc-1.1.0-cp38-cp38-macosx_10_9_x86_64.whl", hash = "sha256:4bbbe4e5ad5ab859e6d21fc8ff3e3b01082b959fa5c2cd76289dbcd56350c5f9"},
    {file = "sysv_ipc-1.1.0-cp39-cp39-macosx_10_9_x86_64.whl", hash = "sha256:61190b934b0277f7a189092dcabceee8d9736fd73de90fd9b50ea69f0bac4723"},
    {file = "sysv_ipc-1.1.0.tar.gz", hash = "sha256:0f063cbd36ec232032e425769ebc871f195a7d183b9af32f9901589ea7129ac3"},
]

[[package]]
name = "toml"
version = "0.10.2"
description = "Python Library for Tom's Obvious, Minimal Language"
optional = false
python-versions = ">=2.6, !=3.0.*, !=3.1.*, !=3.2.*"
groups = ["main"]
markers = "python_version < \"3.11\""
files = [
    {file = "toml-0.10.2-py2.py3-none-any.whl", hash = "sha256:806143ae5bfb6a3c6e736a764057db0e6a0e05e338b5630894a5f779cabb4f9b"},
    {file = "toml-0.10.2.tar.gz", hash = "sha256:b3bda1d108d5dd99f4a20d24d9c348e91c4db7ab1b749200bded2f839ccbe68f"},
]

[[package]]
name = "tomli"
version = "2.2.1"
description = "A lil' TOML parser"
optional = false
python-versions = ">=3.8"
groups = ["dev"]
markers = "python_full_version <= \"3.11.0a6\""
files = [
    {file = "tomli-2.2.1-cp311-cp311-macosx_10_9_x86_64.whl", hash = "sha256:678e4fa69e4575eb77d103de3df8a895e1591b48e740211bd1067378c69e8249"},
    {file = "tomli-2.2.1-cp311-cp311-macosx_11_0_arm64.whl", hash = "sha256:023aa114dd824ade0100497eb2318602af309e5a55595f76b626d6d9f3b7b0a6"},
    {file = "tomli-2.2.1-cp311-cp311-manylinux_2_17_aarch64.manylinux2014_aarch64.whl", hash = "sha256:ece47d672db52ac607a3d9599a9d48dcb2f2f735c6c2d1f34130085bb12b112a"},
    {file = "tomli-2.2.1-cp311-cp311-manylinux_2_17_x86_64.manylinux2014_x86_64.whl", hash = "sha256:6972ca9c9cc9f0acaa56a8ca1ff51e7af152a9f87fb64623e31d5c83700080ee"},
    {file = "tomli-2.2.1-cp311-cp311-manylinux_2_5_i686.manylinux1_i686.manylinux_2_17_i686.manylinux2014_i686.whl", hash = "sha256:c954d2250168d28797dd4e3ac5cf812a406cd5a92674ee4c8f123c889786aa8e"},
    {file = "tomli-2.2.1-cp311-cp311-musllinux_1_2_aarch64.whl", hash = "sha256:8dd28b3e155b80f4d54beb40a441d366adcfe740969820caf156c019fb5c7ec4"},
    {file = "tomli-2.2.1-cp311-cp311-musllinux_1_2_i686.whl", hash = "sha256:e59e304978767a54663af13c07b3d1af22ddee3bb2fb0618ca1593e4f593a106"},
    {file = "tomli-2.2.1-cp311-cp311-musllinux_1_2_x86_64.whl", hash = "sha256:33580bccab0338d00994d7f16f4c4ec25b776af3ffaac1ed74e0b3fc95e885a8"},
    {file = "tomli-2.2.1-cp311-cp311-win32.whl", hash = "sha256:465af0e0875402f1d226519c9904f37254b3045fc5084697cefb9bdde1ff99ff"},
    {file = "tomli-2.2.1-cp311-cp311-win_amd64.whl", hash = "sha256:2d0f2fdd22b02c6d81637a3c95f8cd77f995846af7414c5c4b8d0545afa1bc4b"},
    {file = "tomli-2.2.1-cp312-cp312-macosx_10_13_x86_64.whl", hash = "sha256:4a8f6e44de52d5e6c657c9fe83b562f5f4256d8ebbfe4ff922c495620a7f6cea"},
    {file = "tomli-2.2.1-cp312-cp312-macosx_11_0_arm64.whl", hash = "sha256:8d57ca8095a641b8237d5b079147646153d22552f1c637fd3ba7f4b0b29167a8"},
    {file = "tomli-2.2.1-cp312-cp312-manylinux_2_17_aarch64.manylinux2014_aarch64.whl", hash = "sha256:4e340144ad7ae1533cb897d406382b4b6fede8890a03738ff1683af800d54192"},
    {file = "tomli-2.2.1-cp312-cp312-manylinux_2_17_x86_64.manylinux2014_x86_64.whl", hash = "sha256:db2b95f9de79181805df90bedc5a5ab4c165e6ec3fe99f970d0e302f384ad222"},
    {file = "tomli-2.2.1-cp312-cp312-manylinux_2_5_i686.manylinux1_i686.manylinux_2_17_i686.manylinux2014_i686.whl", hash = "sha256:40741994320b232529c802f8bc86da4e1aa9f413db394617b9a256ae0f9a7f77"},
    {file = "tomli-2.2.1-cp312-cp312-musllinux_1_2_aarch64.whl", hash = "sha256:400e720fe168c0f8521520190686ef8ef033fb19fc493da09779e592861b78c6"},
    {file = "tomli-2.2.1-cp312-cp312-musllinux_1_2_i686.whl", hash = "sha256:02abe224de6ae62c19f090f68da4e27b10af2b93213d36cf44e6e1c5abd19fdd"},
    {file = "tomli-2.2.1-cp312-cp312-musllinux_1_2_x86_64.whl", hash = "sha256:b82ebccc8c8a36f2094e969560a1b836758481f3dc360ce9a3277c65f374285e"},
    {file = "tomli-2.2.1-cp312-cp312-win32.whl", hash = "sha256:889f80ef92701b9dbb224e49ec87c645ce5df3fa2cc548664eb8a25e03127a98"},
    {file = "tomli-2.2.1-cp312-cp312-win_amd64.whl", hash = "sha256:7fc04e92e1d624a4a63c76474610238576942d6b8950a2d7f908a340494e67e4"},
    {file = "tomli-2.2.1-cp313-cp313-macosx_10_13_x86_64.whl", hash = "sha256:f4039b9cbc3048b2416cc57ab3bda989a6fcf9b36cf8937f01a6e731b64f80d7"},
    {file = "tomli-2.2.1-cp313-cp313-macosx_11_0_arm64.whl", hash = "sha256:286f0ca2ffeeb5b9bd4fcc8d6c330534323ec51b2f52da063b11c502da16f30c"},
    {file = "tomli-2.2.1-cp313-cp313-manylinux_2_17_aarch64.manylinux2014_aarch64.whl", hash = "sha256:a92ef1a44547e894e2a17d24e7557a5e85a9e1d0048b0b5e7541f76c5032cb13"},
    {file = "tomli-2.2.1-cp313-cp313-manylinux_2_17_x86_64.manylinux2014_x86_64.whl", hash = "sha256:9316dc65bed1684c9a98ee68759ceaed29d229e985297003e494aa825ebb0281"},
    {file = "tomli-2.2.1-cp313-cp313-manylinux_2_5_i686.manylinux1_i686.manylinux_2_17_i686.manylinux2014_i686.whl", hash = "sha256:e85e99945e688e32d5a35c1ff38ed0b3f41f43fad8df0bdf79f72b2ba7bc5272"},
    {file = "tomli-2.2.1-cp313-cp313-musllinux_1_2_aarch64.whl", hash = "sha256:ac065718db92ca818f8d6141b5f66369833d4a80a9d74435a268c52bdfa73140"},
    {file = "tomli-2.2.1-cp313-cp313-musllinux_1_2_i686.whl", hash = "sha256:d920f33822747519673ee656a4b6ac33e382eca9d331c87770faa3eef562aeb2"},
    {file = "tomli-2.2.1-cp313-cp313-musllinux_1_2_x86_64.whl", hash = "sha256:a198f10c4d1b1375d7687bc25294306e551bf1abfa4eace6650070a5c1ae2744"},
    {file = "tomli-2.2.1-cp313-cp313-win32.whl", hash = "sha256:d3f5614314d758649ab2ab3a62d4f2004c825922f9e370b29416484086b264ec"},
    {file = "tomli-2.2.1-cp313-cp313-win_amd64.whl", hash = "sha256:a38aa0308e754b0e3c67e344754dff64999ff9b513e691d0e786265c93583c69"},
    {file = "tomli-2.2.1-py3-none-any.whl", hash = "sha256:cb55c73c5f4408779d0cf3eef9f762b9c9f147a77de7b258bef0a5628adc85cc"},
    {file = "tomli-2.2.1.tar.gz", hash = "sha256:cd45e1dc79c835ce60f7404ec8119f2eb06d38b1deba146f07ced3bbc44505ff"},
]

[[package]]
name = "typing-extensions"
version = "4.14.1"
description = "Backported and Experimental Type Hints for Python 3.9+"
optional = false
python-versions = ">=3.9"
groups = ["main", "dev"]
files = [
    {file = "typing_extensions-4.14.1-py3-none-any.whl", hash = "sha256:d1e1e3b58374dc93031d6eda2420a48ea44a36c2b4766a4fdeb3710755731d76"},
    {file = "typing_extensions-4.14.1.tar.gz", hash = "sha256:38b39f4aeeab64884ce9f74c94263ef78f3c22467c8724005483154c26648d36"},
]
markers = {dev = "python_version < \"3.11\""}

[[package]]
name = "urllib3"
version = "2.5.0"
description = "HTTP library with thread-safe connection pooling, file post, and more."
optional = false
python-versions = ">=3.9"
groups = ["main"]
files = [
    {file = "urllib3-2.5.0-py3-none-any.whl", hash = "sha256:e6b01673c0fa6a13e374b50871808eb3bf7046c4b125b216f6bf1cc604cff0dc"},
    {file = "urllib3-2.5.0.tar.gz", hash = "sha256:3fc47733c7e419d4bc3f6b3dc2b4f890bb743906a30d56ba4a5bfa4bbff92760"},
]

[package.extras]
brotli = ["brotli (>=1.0.9) ; platform_python_implementation == \"CPython\"", "brotlicffi (>=0.8.0) ; platform_python_implementation != \"CPython\""]
h2 = ["h2 (>=4,<5)"]
socks = ["pysocks (>=1.5.6,!=1.5.7,<2.0)"]
zstd = ["zstandard (>=0.18.0)"]

[metadata]
lock-version = "2.1"
python-versions = "^3.9"
content-hash = "089b1279fb1830962faab67acc3d025b08c371843caeb0b1a87eac4589b72676"
