# This file is automatically @generated by Poetry 1.8.3 and should not be changed by hand.

[[package]]
name = "adafruit-blinka"
version = "8.49.0"
description = "CircuitPython APIs for non-CircuitPython versions of Python such as CPython on Linux and MicroPython."
optional = false
python-versions = ">=3.7.0"
files = [
    {file = "Adafruit_Blinka-8.49.0-py3-none-any.whl", hash = "sha256:d00a5d2fc8eafa9710134bf142d4681a06b2f55d9bd9cc3d0ce6f02bf90612ec"},
    {file = "adafruit_blinka-8.49.0.tar.gz", hash = "sha256:fa6e82539b06f06d281d8af63a67564a8eefa2f8fcd6187168e012c61dc1db13"},
]

[package.dependencies]
adafruit-circuitpython-typing = "*"
Adafruit-PlatformDetect = ">=3.70.1"
Adafruit-PureIO = ">=1.1.7"
binho-host-adapter = ">=0.1.6"
pyftdi = ">=0.40.0"
sysv-ipc = {version = ">=1.1.0", markers = "sys_platform == \"linux\" and platform_machine != \"mips\""}

[[package]]
name = "adafruit-circuitpython-busdevice"
version = "5.2.10"
description = "CircuitPython bus device classes to manage bus sharing."
optional = false
python-versions = "*"
files = [
    {file = "adafruit_circuitpython_busdevice-5.2.10-py3-none-any.whl", hash = "sha256:9e37e303b9cced482aec004eb37a6480c5ccac60d3cfe6ea4d9c4c0a818f1fc0"},
    {file = "adafruit_circuitpython_busdevice-5.2.10.tar.gz", hash = "sha256:b3797242cb2aeb27ed6382f7946d62ab4d6dbb16631e71e50b12ba07afec0e87"},
]

[package.dependencies]
Adafruit-Blinka = ">=7.0.0"
adafruit-circuitpython-typing = "*"

[[package]]
name = "adafruit-circuitpython-connectionmanager"
version = "3.1.2"
description = "A urllib3.poolmanager/urllib3.connectionpool-like library for managing sockets and connections"
optional = false
python-versions = "*"
files = [
    {file = "adafruit_circuitpython_connectionmanager-3.1.2-py3-none-any.whl", hash = "sha256:1d3af302e587d4ab0827f4382d2eeb400a152688a2eb14272189f971d7ff477b"},
    {file = "adafruit_circuitpython_connectionmanager-3.1.2.tar.gz", hash = "sha256:330485ac00da6c5f1ca567e77493cddb55ab9674afed341eddf5f9b85bd22fdb"},
]

[package.dependencies]
Adafruit-Blinka = "*"

[[package]]
name = "adafruit-circuitpython-requests"
version = "4.1.8"
description = "A requests-like library for web interfacing"
optional = false
python-versions = "*"
files = [
    {file = "adafruit_circuitpython_requests-4.1.8-py3-none-any.whl", hash = "sha256:6ab3744175f1ddaf2ecfb2510c9ea2cf717c21848695849fcdf28de6e856fd04"},
    {file = "adafruit_circuitpython_requests-4.1.8.tar.gz", hash = "sha256:50d787bc05d953318f4ee654230195e631eb379e33179c465a68f763d4638914"},
]

[package.dependencies]
Adafruit-Blinka = "*"
Adafruit-Circuitpython-ConnectionManager = "*"

[package.extras]
optional = ["requests"]

[[package]]
name = "adafruit-circuitpython-typing"
version = "1.11.1"
description = "Types needed for type annotation that are not in `typing`"
optional = false
python-versions = ">=3.8"
files = [
    {file = "adafruit_circuitpython_typing-1.11.1-py3-none-any.whl", hash = "sha256:c223b56538c9535e6ecc45fb39b23acab6840fecf068a85c6a340cb42368d413"},
    {file = "adafruit_circuitpython_typing-1.11.1.tar.gz", hash = "sha256:efcadbf39b70a6ea1b7561a10551b665ad5306b31340c55ece4a42328da3c998"},
]

[package.dependencies]
Adafruit-Blinka = "*"
adafruit-circuitpython-busdevice = "*"
adafruit-circuitpython-requests = "*"
typing-extensions = ">=4.0,<5.0"

[[package]]
name = "adafruit-platformdetect"
version = "3.75.0"
description = "Platform detection for use by libraries like Adafruit-Blinka."
optional = false
python-versions = "*"
files = [
    {file = "Adafruit_PlatformDetect-3.75.0-py3-none-any.whl", hash = "sha256:f523a118bfe270b17c3e1eb1f6115a75dfc8f8f029a67ae51f4934571229c5b8"},
    {file = "adafruit_platformdetect-3.75.0.tar.gz", hash = "sha256:e40c2f9f3c34b6066145756c8533aecdeadd39127ee50087dcf0c1ee96e3081d"},
]

[[package]]
name = "adafruit-pureio"
version = "1.1.11"
description = "Pure python (i.e. no native extensions) access to Linux IO    including I2C and SPI. Drop in replacement for smbus and spidev modules."
optional = false
python-versions = ">=3.5.0"
files = [
    {file = "Adafruit_PureIO-1.1.11-py3-none-any.whl", hash = "sha256:281ab2099372cc0decc26326918996cbf21b8eed694ec4764d51eefa029d324e"},
    {file = "Adafruit_PureIO-1.1.11.tar.gz", hash = "sha256:c4cfbb365731942d1f1092a116f47dfdae0aef18c5b27f1072b5824ad5ea8c7c"},
]

[[package]]
name = "assertpy"
version = "1.1"
description = "Simple assertion library for unit testing in python with a fluent API"
optional = false
python-versions = "*"
files = [
    {file = "assertpy-1.1.tar.gz", hash = "sha256:acc64329934ad71a3221de185517a43af33e373bb44dc05b5a9b174394ef4833"},
]

[[package]]
name = "binho-host-adapter"
version = "0.1.6"
description = "Python Libraries for Binho Multi-Protocol USB Host Adapters"
optional = false
python-versions = "*"
files = [
    {file = "binho-host-adapter-0.1.6.tar.gz", hash = "sha256:1e6da7a84e208c13b5f489066f05774bff1d593d0f5bf1ca149c2b8e83eae856"},
    {file = "binho_host_adapter-0.1.6-py3-none-any.whl", hash = "sha256:f71ca176c1e2fc1a5dce128beb286da217555c6c7c805f2ed282a6f3507ec277"},
]

[package.dependencies]
pyserial = "*"

[[package]]
name = "certifi"
version = "2024.8.30"
description = "Python package for providing Mozilla's CA Bundle."
optional = false
python-versions = ">=3.6"
files = [
    {file = "certifi-2024.8.30-py3-none-any.whl", hash = "sha256:922820b53db7a7257ffbda3f597266d435245903d80737e34f8a45ff3e3230d8"},
    {file = "certifi-2024.8.30.tar.gz", hash = "sha256:bec941d2aa8195e248a60b31ff9f0558284cf01a52591ceda73ea9afffd69fd9"},
]

[[package]]
name = "colorama"
version = "0.4.6"
description = "Cross-platform colored terminal text."
optional = false
python-versions = "!=3.0.*,!=3.1.*,!=3.2.*,!=3.3.*,!=3.4.*,!=3.5.*,!=3.6.*,>=2.7"
files = [
    {file = "colorama-0.4.6-py2.py3-none-any.whl", hash = "sha256:4f1d9991f5acc0ca119f9d443620b77f9d6b33703e51011c16baf57afb285fc6"},
    {file = "colorama-0.4.6.tar.gz", hash = "sha256:08695f5cb7ed6e0531a20572697297273c47b8cae5a63ffc6d6ed5c201be6e44"},
]

[[package]]
name = "coverage"
version = "7.6.2"
description = "Code coverage measurement for Python"
optional = false
python-versions = ">=3.9"
files = [
    {file = "coverage-7.6.2-cp310-cp310-macosx_10_9_x86_64.whl", hash = "sha256:c9df1950fb92d49970cce38100d7e7293c84ed3606eaa16ea0b6bc27175bb667"},
    {file = "coverage-7.6.2-cp310-cp310-macosx_11_0_arm64.whl", hash = "sha256:24500f4b0e03aab60ce575c85365beab64b44d4db837021e08339f61d1fbfe52"},
    {file = "coverage-7.6.2-cp310-cp310-manylinux_2_17_aarch64.manylinux2014_aarch64.whl", hash = "sha256:a663b180b6669c400b4630a24cc776f23a992d38ce7ae72ede2a397ce6b0f170"},
    {file = "coverage-7.6.2-cp310-cp310-manylinux_2_5_i686.manylinux1_i686.manylinux_2_17_i686.manylinux2014_i686.whl", hash = "sha256:bfde025e2793a22efe8c21f807d276bd1d6a4bcc5ba6f19dbdfc4e7a12160909"},
    {file = "coverage-7.6.2-cp310-cp310-manylinux_2_5_x86_64.manylinux1_x86_64.manylinux_2_17_x86_64.manylinux2014_x86_64.whl", hash = "sha256:087932079c065d7b8ebadd3a0160656c55954144af6439886c8bcf78bbbcde7f"},
    {file = "coverage-7.6.2-cp310-cp310-musllinux_1_2_aarch64.whl", hash = "sha256:9c6b0c1cafd96213a0327cf680acb39f70e452caf8e9a25aeb05316db9c07f89"},
    {file = "coverage-7.6.2-cp310-cp310-musllinux_1_2_i686.whl", hash = "sha256:6e85830eed5b5263ffa0c62428e43cb844296f3b4461f09e4bdb0d44ec190bc2"},
    {file = "coverage-7.6.2-cp310-cp310-musllinux_1_2_x86_64.whl", hash = "sha256:62ab4231c01e156ece1b3a187c87173f31cbeee83a5e1f6dff17f288dca93345"},
    {file = "coverage-7.6.2-cp310-cp310-win32.whl", hash = "sha256:7b80fbb0da3aebde102a37ef0138aeedff45997e22f8962e5f16ae1742852676"},
    {file = "coverage-7.6.2-cp310-cp310-win_amd64.whl", hash = "sha256:d20c3d1f31f14d6962a4e2f549c21d31e670b90f777ef4171be540fb7fb70f02"},
    {file = "coverage-7.6.2-cp311-cp311-macosx_10_9_x86_64.whl", hash = "sha256:bb21bac7783c1bf6f4bbe68b1e0ff0d20e7e7732cfb7995bc8d96e23aa90fc7b"},
    {file = "coverage-7.6.2-cp311-cp311-macosx_11_0_arm64.whl", hash = "sha256:a7b2e437fbd8fae5bc7716b9c7ff97aecc95f0b4d56e4ca08b3c8d8adcaadb84"},
    {file = "coverage-7.6.2-cp311-cp311-manylinux_2_17_aarch64.manylinux2014_aarch64.whl", hash = "sha256:536f77f2bf5797983652d1d55f1a7272a29afcc89e3ae51caa99b2db4e89d658"},
    {file = "coverage-7.6.2-cp311-cp311-manylinux_2_5_i686.manylinux1_i686.manylinux_2_17_i686.manylinux2014_i686.whl", hash = "sha256:f361296ca7054f0936b02525646b2731b32c8074ba6defab524b79b2b7eeac72"},
    {file = "coverage-7.6.2-cp311-cp311-manylinux_2_5_x86_64.manylinux1_x86_64.manylinux_2_17_x86_64.manylinux2014_x86_64.whl", hash = "sha256:7926d8d034e06b479797c199747dd774d5e86179f2ce44294423327a88d66ca7"},
    {file = "coverage-7.6.2-cp311-cp311-musllinux_1_2_aarch64.whl", hash = "sha256:0bbae11c138585c89fb4e991faefb174a80112e1a7557d507aaa07675c62e66b"},
    {file = "coverage-7.6.2-cp311-cp311-musllinux_1_2_i686.whl", hash = "sha256:fcad7d5d2bbfeae1026b395036a8aa5abf67e8038ae7e6a25c7d0f88b10a8e6a"},
    {file = "coverage-7.6.2-cp311-cp311-musllinux_1_2_x86_64.whl", hash = "sha256:f01e53575f27097d75d42de33b1b289c74b16891ce576d767ad8c48d17aeb5e0"},
    {file = "coverage-7.6.2-cp311-cp311-win32.whl", hash = "sha256:7781f4f70c9b0b39e1b129b10c7d43a4e0c91f90c60435e6da8288efc2b73438"},
    {file = "coverage-7.6.2-cp311-cp311-win_amd64.whl", hash = "sha256:9bcd51eeca35a80e76dc5794a9dd7cb04b97f0e8af620d54711793bfc1fbba4b"},
    {file = "coverage-7.6.2-cp312-cp312-macosx_10_13_x86_64.whl", hash = "sha256:ebc94fadbd4a3f4215993326a6a00e47d79889391f5659bf310f55fe5d9f581c"},
    {file = "coverage-7.6.2-cp312-cp312-macosx_11_0_arm64.whl", hash = "sha256:9681516288e3dcf0aa7c26231178cc0be6cac9705cac06709f2353c5b406cfea"},
    {file = "coverage-7.6.2-cp312-cp312-manylinux_2_17_aarch64.manylinux2014_aarch64.whl", hash = "sha256:8d9c5d13927d77af4fbe453953810db766f75401e764727e73a6ee4f82527b3e"},
    {file = "coverage-7.6.2-cp312-cp312-manylinux_2_5_i686.manylinux1_i686.manylinux_2_17_i686.manylinux2014_i686.whl", hash = "sha256:b92f9ca04b3e719d69b02dc4a69debb795af84cb7afd09c5eb5d54b4a1ae2191"},
    {file = "coverage-7.6.2-cp312-cp312-manylinux_2_5_x86_64.manylinux1_x86_64.manylinux_2_17_x86_64.manylinux2014_x86_64.whl", hash = "sha256:0ff2ef83d6d0b527b5c9dad73819b24a2f76fdddcfd6c4e7a4d7e73ecb0656b4"},
    {file = "coverage-7.6.2-cp312-cp312-musllinux_1_2_aarch64.whl", hash = "sha256:47ccb6e99a3031ffbbd6e7cc041e70770b4fe405370c66a54dbf26a500ded80b"},
    {file = "coverage-7.6.2-cp312-cp312-musllinux_1_2_i686.whl", hash = "sha256:a867d26f06bcd047ef716175b2696b315cb7571ccb951006d61ca80bbc356e9e"},
    {file = "coverage-7.6.2-cp312-cp312-musllinux_1_2_x86_64.whl", hash = "sha256:cdfcf2e914e2ba653101157458afd0ad92a16731eeba9a611b5cbb3e7124e74b"},
    {file = "coverage-7.6.2-cp312-cp312-win32.whl", hash = "sha256:f9035695dadfb397bee9eeaf1dc7fbeda483bf7664a7397a629846800ce6e276"},
    {file = "coverage-7.6.2-cp312-cp312-win_amd64.whl", hash = "sha256:5ed69befa9a9fc796fe015a7040c9398722d6b97df73a6b608e9e275fa0932b0"},
    {file = "coverage-7.6.2-cp313-cp313-macosx_10_13_x86_64.whl", hash = "sha256:4eea60c79d36a8f39475b1af887663bc3ae4f31289cd216f514ce18d5938df40"},
    {file = "coverage-7.6.2-cp313-cp313-macosx_11_0_arm64.whl", hash = "sha256:aa68a6cdbe1bc6793a9dbfc38302c11599bbe1837392ae9b1d238b9ef3dafcf1"},
    {file = "coverage-7.6.2-cp313-cp313-manylinux_2_17_aarch64.manylinux2014_aarch64.whl", hash = "sha256:3ec528ae69f0a139690fad6deac8a7d33629fa61ccce693fdd07ddf7e9931fba"},
    {file = "coverage-7.6.2-cp313-cp313-manylinux_2_5_i686.manylinux1_i686.manylinux_2_17_i686.manylinux2014_i686.whl", hash = "sha256:ed5ac02126f74d190fa2cc14a9eb2a5d9837d5863920fa472b02eb1595cdc925"},
    {file = "coverage-7.6.2-cp313-cp313-manylinux_2_5_x86_64.manylinux1_x86_64.manylinux_2_17_x86_64.manylinux2014_x86_64.whl", hash = "sha256:21c0ea0d4db8a36b275cb6fb2437a3715697a4ba3cb7b918d3525cc75f726304"},
    {file = "coverage-7.6.2-cp313-cp313-musllinux_1_2_aarch64.whl", hash = "sha256:35a51598f29b2a19e26d0908bd196f771a9b1c5d9a07bf20be0adf28f1ad4f77"},
    {file = "coverage-7.6.2-cp313-cp313-musllinux_1_2_i686.whl", hash = "sha256:c9192925acc33e146864b8cf037e2ed32a91fdf7644ae875f5d46cd2ef086a5f"},
    {file = "coverage-7.6.2-cp313-cp313-musllinux_1_2_x86_64.whl", hash = "sha256:bf4eeecc9e10f5403ec06138978235af79c9a79af494eb6b1d60a50b49ed2869"},
    {file = "coverage-7.6.2-cp313-cp313-win32.whl", hash = "sha256:e4ee15b267d2dad3e8759ca441ad450c334f3733304c55210c2a44516e8d5530"},
    {file = "coverage-7.6.2-cp313-cp313-win_amd64.whl", hash = "sha256:c71965d1ced48bf97aab79fad56df82c566b4c498ffc09c2094605727c4b7e36"},
    {file = "coverage-7.6.2-cp313-cp313t-macosx_10_13_x86_64.whl", hash = "sha256:7571e8bbecc6ac066256f9de40365ff833553e2e0c0c004f4482facb131820ef"},
    {file = "coverage-7.6.2-cp313-cp313t-macosx_11_0_arm64.whl", hash = "sha256:078a87519057dacb5d77e333f740708ec2a8f768655f1db07f8dfd28d7a005f0"},
    {file = "coverage-7.6.2-cp313-cp313t-manylinux_2_17_aarch64.manylinux2014_aarch64.whl", hash = "sha256:1e5e92e3e84a8718d2de36cd8387459cba9a4508337b8c5f450ce42b87a9e760"},
    {file = "coverage-7.6.2-cp313-cp313t-manylinux_2_5_i686.manylinux1_i686.manylinux_2_17_i686.manylinux2014_i686.whl", hash = "sha256:ebabdf1c76593a09ee18c1a06cd3022919861365219ea3aca0247ededf6facd6"},
    {file = "coverage-7.6.2-cp313-cp313t-manylinux_2_5_x86_64.manylinux1_x86_64.manylinux_2_17_x86_64.manylinux2014_x86_64.whl", hash = "sha256:12179eb0575b8900912711688e45474f04ab3934aaa7b624dea7b3c511ecc90f"},
    {file = "coverage-7.6.2-cp313-cp313t-musllinux_1_2_aarch64.whl", hash = "sha256:39d3b964abfe1519b9d313ab28abf1d02faea26cd14b27f5283849bf59479ff5"},
    {file = "coverage-7.6.2-cp313-cp313t-musllinux_1_2_i686.whl", hash = "sha256:84c4315577f7cd511d6250ffd0f695c825efe729f4205c0340f7004eda51191f"},
    {file = "coverage-7.6.2-cp313-cp313t-musllinux_1_2_x86_64.whl", hash = "sha256:ff797320dcbff57caa6b2301c3913784a010e13b1f6cf4ab3f563f3c5e7919db"},
    {file = "coverage-7.6.2-cp313-cp313t-win32.whl", hash = "sha256:2b636a301e53964550e2f3094484fa5a96e699db318d65398cfba438c5c92171"},
    {file = "coverage-7.6.2-cp313-cp313t-win_amd64.whl", hash = "sha256:d03a060ac1a08e10589c27d509bbdb35b65f2d7f3f8d81cf2fa199877c7bc58a"},
    {file = "coverage-7.6.2-cp39-cp39-macosx_10_9_x86_64.whl", hash = "sha256:c37faddc8acd826cfc5e2392531aba734b229741d3daec7f4c777a8f0d4993e5"},
    {file = "coverage-7.6.2-cp39-cp39-macosx_11_0_arm64.whl", hash = "sha256:ab31fdd643f162c467cfe6a86e9cb5f1965b632e5e65c072d90854ff486d02cf"},
    {file = "coverage-7.6.2-cp39-cp39-manylinux_2_17_aarch64.manylinux2014_aarch64.whl", hash = "sha256:97df87e1a20deb75ac7d920c812e9326096aa00a9a4b6d07679b4f1f14b06c90"},
    {file = "coverage-7.6.2-cp39-cp39-manylinux_2_5_i686.manylinux1_i686.manylinux_2_17_i686.manylinux2014_i686.whl", hash = "sha256:343056c5e0737487a5291f5691f4dfeb25b3e3c8699b4d36b92bb0e586219d14"},
    {file = "coverage-7.6.2-cp39-cp39-manylinux_2_5_x86_64.manylinux1_x86_64.manylinux_2_17_x86_64.manylinux2014_x86_64.whl", hash = "sha256:ad4ef1c56b47b6b9024b939d503ab487231df1f722065a48f4fc61832130b90e"},
    {file = "coverage-7.6.2-cp39-cp39-musllinux_1_2_aarch64.whl", hash = "sha256:7fca4a92c8a7a73dee6946471bce6d1443d94155694b893b79e19ca2a540d86e"},
    {file = "coverage-7.6.2-cp39-cp39-musllinux_1_2_i686.whl", hash = "sha256:69f251804e052fc46d29d0e7348cdc5fcbfc4861dc4a1ebedef7e78d241ad39e"},
    {file = "coverage-7.6.2-cp39-cp39-musllinux_1_2_x86_64.whl", hash = "sha256:e8ea055b3ea046c0f66217af65bc193bbbeca1c8661dc5fd42698db5795d2627"},
    {file = "coverage-7.6.2-cp39-cp39-win32.whl", hash = "sha256:6c2ba1e0c24d8fae8f2cf0aeb2fc0a2a7f69b6d20bd8d3749fd6b36ecef5edf0"},
    {file = "coverage-7.6.2-cp39-cp39-win_amd64.whl", hash = "sha256:2186369a654a15628e9c1c9921409a6b3eda833e4b91f3ca2a7d9f77abb4987c"},
    {file = "coverage-7.6.2-pp39.pp310-none-any.whl", hash = "sha256:667952739daafe9616db19fbedbdb87917eee253ac4f31d70c7587f7ab531b4e"},
    {file = "coverage-7.6.2.tar.gz", hash = "sha256:a5f81e68aa62bc0cfca04f7b19eaa8f9c826b53fc82ab9e2121976dc74f131f3"},
]

[package.dependencies]
tomli = {version = "*", optional = true, markers = "python_full_version <= \"3.11.0a6\" and extra == \"toml\""}

[package.extras]
toml = ["tomli"]

[[package]]
name = "exceptiongroup"
version = "1.2.2"
description = "Backport of PEP 654 (exception groups)"
optional = false
python-versions = ">=3.7"
files = [
    {file = "exceptiongroup-1.2.2-py3-none-any.whl", hash = "sha256:3111b9d131c238bec2f8f516e123e14ba243563fb135d3fe885990585aa7795b"},
    {file = "exceptiongroup-1.2.2.tar.gz", hash = "sha256:47c2edf7c6738fafb49fd34290706d1a1a2f4d1c6df275526b62cbb4aa5393cc"},
]

[package.extras]
test = ["pytest (>=6)"]

[[package]]
name = "influxdb-client"
version = "1.46.0"
description = "InfluxDB 2.0 Python client library"
optional = false
python-versions = ">=3.7"
files = [
    {file = "influxdb_client-1.46.0-py3-none-any.whl", hash = "sha256:0b860672952de0a676c214bfe799c4f0945e76dc3ba4303b2731af8feffadc48"},
    {file = "influxdb_client-1.46.0.tar.gz", hash = "sha256:d5b5f3787db8ad75e64bf069fdc4d441e43b1a1d57f2c11082af309ef0b9722c"},
]

[package.dependencies]
certifi = ">=14.05.14"
python-dateutil = ">=2.5.3"
reactivex = ">=4.0.4"
setuptools = ">=21.0.0"
urllib3 = ">=1.26.0"

[package.extras]
async = ["aiocsv (>=1.2.2)", "aiohttp (>=3.8.1)"]
ciso = ["ciso8601 (>=2.1.1)"]
extra = ["numpy", "pandas (>=1.0.0)"]
test = ["aioresponses (>=0.7.3)", "coverage (>=4.0.3)", "flake8 (>=5.0.3)", "httpretty (==1.0.5)", "jinja2 (>=3.1.4)", "nose (>=1.3.7)", "pluggy (>=0.3.1)", "psutil (>=5.6.3)", "py (>=1.4.31)", "pytest (>=5.0.0)", "pytest-cov (>=3.0.0)", "pytest-timeout (>=2.1.0)", "randomize (>=0.13)", "sphinx (==1.8.5)", "sphinx-rtd-theme"]

[[package]]
name = "iniconfig"
version = "2.0.0"
description = "brain-dead simple config-ini parsing"
optional = false
python-versions = ">=3.7"
files = [
    {file = "iniconfig-2.0.0-py3-none-any.whl", hash = "sha256:b6a85871a79d2e3b22d2d1b94ac2824226a63c6b741c88f7ae975f18b6778374"},
    {file = "iniconfig-2.0.0.tar.gz", hash = "sha256:2d91e135bf72d31a410b17c16da610a82cb55f6b0477d1a902134b24a455b8b3"},
]

[[package]]
name = "injector"
version = "0.22.0"
description = "Injector - Python dependency injection framework, inspired by Guice"
optional = false
python-versions = "*"
files = [
    {file = "injector-0.22.0-py2.py3-none-any.whl", hash = "sha256:74379ccef3b893bc7d0b7d504c255b5160c5a55e97dc7bdcc73cb33cc7dce3a1"},
    {file = "injector-0.22.0.tar.gz", hash = "sha256:79b2d4a0874c75d3aa735f11c5b32b89d9542711ca07071161882c5e9cc15ed6"},
]

[package.extras]
dev = ["black (==24.3.0)", "build (==1.0.3)", "check-manifest (==0.49)", "click (==8.1.7)", "coverage[toml] (==7.3.2)", "exceptiongroup (==1.2.0)", "importlib-metadata (==7.0.0)", "iniconfig (==2.0.0)", "mypy (==1.7.1)", "mypy-extensions (==1.0.0)", "packaging (==23.2)", "pathspec (==0.12.1)", "platformdirs (==4.1.0)", "pluggy (==1.3.0)", "pyproject-hooks (==1.0.0)", "pytest (==7.4.3)", "pytest-cov (==4.1.0)", "tomli (==2.0.1)", "typing-extensions (==4.9.0)", "zipp (==3.17.0)"]

[[package]]
name = "lazy"
version = "1.6"
description = "Lazy attributes for Python objects"
optional = false
python-versions = "!=3.0.*,!=3.1.*,!=3.2.*,!=3.3.*,>=2.7"
files = [
    {file = "lazy-1.6-py2.py3-none-any.whl", hash = "sha256:449375c125c7acac6b7a93f71b8e7ccb06546c37b161613f92d2d3981f793244"},
    {file = "lazy-1.6.tar.gz", hash = "sha256:7127324ec709e8324f08cb4611c1abe01776bda53bb9ce68dc5dfa46ca0ed3e9"},
]

[package.extras]
docs = ["sphinx (==5.3.0)", "sphinx-rtd-theme (==1.0.0)"]
mypy = ["mypy"]

[[package]]
name = "mock"
version = "5.1.0"
description = "Rolling backport of unittest.mock for all Pythons"
optional = false
python-versions = ">=3.6"
files = [
    {file = "mock-5.1.0-py3-none-any.whl", hash = "sha256:18c694e5ae8a208cdb3d2c20a993ca1a7b0efa258c247a1e565150f477f83744"},
    {file = "mock-5.1.0.tar.gz", hash = "sha256:5e96aad5ccda4718e0a229ed94b2024df75cc2d55575ba5762d31f5767b8767d"},
]

[package.extras]
build = ["blurb", "twine", "wheel"]
docs = ["sphinx"]
test = ["pytest", "pytest-cov"]

[[package]]
name = "packaging"
version = "24.1"
description = "Core utilities for Python packages"
optional = false
python-versions = ">=3.8"
files = [
    {file = "packaging-24.1-py3-none-any.whl", hash = "sha256:5b8f2217dbdbd2f7f384c41c628544e6d52f2d0f53c6d0c3ea61aa5d1d7ff124"},
    {file = "packaging-24.1.tar.gz", hash = "sha256:026ed72c8ed3fcce5bf8950572258698927fd1dbda10a5e981cdf0ac37f4f002"},
]

[[package]]
name = "paho-mqtt"
version = "2.1.0"
description = "MQTT version 5.0/3.1.1 client class"
optional = false
python-versions = ">=3.7"
files = [
    {file = "paho_mqtt-2.1.0-py3-none-any.whl", hash = "sha256:6db9ba9b34ed5bc6b6e3812718c7e06e2fd7444540df2455d2c51bd58808feee"},
    {file = "paho_mqtt-2.1.0.tar.gz", hash = "sha256:12d6e7511d4137555a3f6ea167ae846af2c7357b10bc6fa4f7c3968fc1723834"},
]

[package.extras]
proxy = ["pysocks"]

[[package]]
name = "pluggy"
version = "1.5.0"
description = "plugin and hook calling mechanisms for python"
optional = false
python-versions = ">=3.8"
files = [
    {file = "pluggy-1.5.0-py3-none-any.whl", hash = "sha256:44e1ad92c8ca002de6377e165f3e0f1be63266ab4d554740532335b9d75ea669"},
    {file = "pluggy-1.5.0.tar.gz", hash = "sha256:2cffa88e94fdc978c4c574f15f9e59b7f4201d439195c3715ca9e2486f1d0cf1"},
]

[package.extras]
dev = ["pre-commit", "tox"]
testing = ["pytest", "pytest-benchmark"]

[[package]]
name = "pyftdi"
version = "0.55.4"
description = "FTDI device driver (pure Python)"
optional = false
python-versions = ">=3.8"
files = [
    {file = "pyftdi-0.55.4-py3-none-any.whl", hash = "sha256:64a804ea1c652e6935897df7867dbba18910848cad0a4927ccdb06813c072c85"},
    {file = "pyftdi-0.55.4.tar.gz", hash = "sha256:cb2770b606507024a65e0a520bf892f239a36cec25cab45338ce3e3027de53c8"},
]

[package.dependencies]
pyserial = ">=3.0"
pyusb = ">=1.0.0,<1.2.0 || >1.2.0"

[[package]]
name = "pyserial"
version = "3.5"
description = "Python Serial Port Extension"
optional = false
python-versions = "*"
files = [
    {file = "pyserial-3.5-py2.py3-none-any.whl", hash = "sha256:c4451db6ba391ca6ca299fb3ec7bae67a5c55dde170964c7a14ceefec02f2cf0"},
    {file = "pyserial-3.5.tar.gz", hash = "sha256:3c77e014170dfffbd816e6ffc205e9842efb10be9f58ec16d3e8675b4925cddb"},
]

[package.extras]
cp2110 = ["hidapi"]

[[package]]
name = "pytest"
version = "8.3.3"
description = "pytest: simple powerful testing with Python"
optional = false
python-versions = ">=3.8"
files = [
    {file = "pytest-8.3.3-py3-none-any.whl", hash = "sha256:a6853c7375b2663155079443d2e45de913a911a11d669df02a50814944db57b2"},
    {file = "pytest-8.3.3.tar.gz", hash = "sha256:70b98107bd648308a7952b06e6ca9a50bc660be218d53c257cc1fc94fda10181"},
]

[package.dependencies]
colorama = {version = "*", markers = "sys_platform == \"win32\""}
exceptiongroup = {version = ">=1.0.0rc8", markers = "python_version < \"3.11\""}
iniconfig = "*"
packaging = "*"
pluggy = ">=1.5,<2"
tomli = {version = ">=1", markers = "python_version < \"3.11\""}

[package.extras]
dev = ["argcomplete", "attrs (>=19.2)", "hypothesis (>=3.56)", "mock", "pygments (>=2.7.2)", "requests", "setuptools", "xmlschema"]

[[package]]
name = "pytest-cov"
version = "5.0.0"
description = "Pytest plugin for measuring coverage."
optional = false
python-versions = ">=3.8"
files = [
    {file = "pytest-cov-5.0.0.tar.gz", hash = "sha256:5837b58e9f6ebd335b0f8060eecce69b662415b16dc503883a02f45dfeb14857"},
    {file = "pytest_cov-5.0.0-py3-none-any.whl", hash = "sha256:4f0764a1219df53214206bf1feea4633c3b558a2925c8b59f144f682861ce652"},
]

[package.dependencies]
coverage = {version = ">=5.2.1", extras = ["toml"]}
pytest = ">=4.6"

[package.extras]
testing = ["fields", "hunter", "process-tests", "pytest-xdist", "virtualenv"]

[[package]]
name = "pytest-mock"
version = "3.14.0"
description = "Thin-wrapper around the mock package for easier use with pytest"
optional = false
python-versions = ">=3.8"
files = [
    {file = "pytest-mock-3.14.0.tar.gz", hash = "sha256:2719255a1efeceadbc056d6bf3df3d1c5015530fb40cf347c0f9afac88410bd0"},
    {file = "pytest_mock-3.14.0-py3-none-any.whl", hash = "sha256:0b72c38033392a5f4621342fe11e9219ac11ec9d375f8e2a0c164539e0d70f6f"},
]

[package.dependencies]
pytest = ">=6.2.5"

[package.extras]
dev = ["pre-commit", "pytest-asyncio", "tox"]

[[package]]
name = "python-dateutil"
version = "2.9.0.post0"
description = "Extensions to the standard Python datetime module"
optional = false
python-versions = "!=3.0.*,!=3.1.*,!=3.2.*,>=2.7"
files = [
    {file = "python-dateutil-2.9.0.post0.tar.gz", hash = "sha256:37dd54208da7e1cd875388217d5e00ebd4179249f90fb72437e91a35459a0ad3"},
    {file = "python_dateutil-2.9.0.post0-py2.py3-none-any.whl", hash = "sha256:a8b2bc7bffae282281c8140a97d3aa9c14da0b136dfe83f850eea9a5f7470427"},
]

[package.dependencies]
six = ">=1.5"

[[package]]
name = "pyusb"
version = "1.2.1"
description = "Python USB access module"
optional = false
python-versions = ">=3.6.0"
files = [
    {file = "pyusb-1.2.1-py3-none-any.whl", hash = "sha256:2b4c7cb86dbadf044dfb9d3a4ff69fd217013dbe78a792177a3feb172449ea36"},
    {file = "pyusb-1.2.1.tar.gz", hash = "sha256:a4cc7404a203144754164b8b40994e2849fde1cfff06b08492f12fff9d9de7b9"},
]

[[package]]
name = "reactivex"
version = "4.0.4"
description = "ReactiveX (Rx) for Python"
optional = false
python-versions = ">=3.7,<4.0"
files = [
    {file = "reactivex-4.0.4-py3-none-any.whl", hash = "sha256:0004796c420bd9e68aad8e65627d85a8e13f293de76656165dffbcb3a0e3fb6a"},
    {file = "reactivex-4.0.4.tar.gz", hash = "sha256:e912e6591022ab9176df8348a653fe8c8fa7a301f26f9931c9d8c78a650e04e8"},
]

[package.dependencies]
typing-extensions = ">=4.1.1,<5.0.0"

[[package]]
name = "setuptools"
version = "75.1.0"
description = "Easily download, build, install, upgrade, and uninstall Python packages"
optional = false
python-versions = ">=3.8"
files = [
    {file = "setuptools-75.1.0-py3-none-any.whl", hash = "sha256:35ab7fd3bcd95e6b7fd704e4a1539513edad446c097797f2985e0e4b960772f2"},
    {file = "setuptools-75.1.0.tar.gz", hash = "sha256:d59a21b17a275fb872a9c3dae73963160ae079f1049ed956880cd7c09b120538"},
]

[package.extras]
check = ["pytest-checkdocs (>=2.4)", "pytest-ruff (>=0.2.1)", "ruff (>=0.5.2)"]
core = ["importlib-metadata (>=6)", "importlib-resources (>=5.10.2)", "jaraco.collections", "jaraco.functools", "jaraco.text (>=3.7)", "more-itertools", "more-itertools (>=8.8)", "packaging", "packaging (>=24)", "platformdirs (>=2.6.2)", "tomli (>=2.0.1)", "wheel (>=0.43.0)"]
cover = ["pytest-cov"]
doc = ["furo", "jaraco.packaging (>=9.3)", "jaraco.tidelift (>=1.4)", "pygments-github-lexers (==0.0.5)", "pyproject-hooks (!=1.1)", "rst.linker (>=1.9)", "sphinx (>=3.5)", "sphinx-favicon", "sphinx-inline-tabs", "sphinx-lint", "sphinx-notfound-page (>=1,<2)", "sphinx-reredirects", "sphinxcontrib-towncrier", "towncrier (<24.7)"]
enabler = ["pytest-enabler (>=2.2)"]
test = ["build[virtualenv] (>=1.0.3)", "filelock (>=3.4.0)", "ini2toml[lite] (>=0.14)", "jaraco.develop (>=7.21)", "jaraco.envs (>=2.2)", "jaraco.path (>=3.2.0)", "jaraco.test", "packaging (>=23.2)", "pip (>=19.1)", "pyproject-hooks (!=1.1)", "pytest (>=6,!=8.1.*)", "pytest-home (>=0.5)", "pytest-perf", "pytest-subprocess", "pytest-timeout", "pytest-xdist (>=3)", "tomli-w (>=1.0.0)", "virtualenv (>=13.0.0)", "wheel (>=0.44.0)"]
type = ["importlib-metadata (>=7.0.2)", "jaraco.develop (>=7.21)", "mypy (==1.11.*)", "pytest-mypy"]

[[package]]
name = "six"
version = "1.16.0"
description = "Python 2 and 3 compatibility utilities"
optional = false
python-versions = ">=2.7, !=3.0.*, !=3.1.*, !=3.2.*"
files = [
    {file = "six-1.16.0-py2.py3-none-any.whl", hash = "sha256:8abb2f1d86890a2dfb989f9a77cfcfd3e47c2a354b01111771326f8aa26e0254"},
    {file = "six-1.16.0.tar.gz", hash = "sha256:1e61c37477a1626458e36f7b1d82aa5c9b094fa4802892072e49de9c60c4c926"},
]

[[package]]
name = "sysv-ipc"
version = "1.1.0"
description = "System V IPC primitives (semaphores, shared memory and message queues) for Python"
optional = false
python-versions = "*"
files = [
    {file = "sysv_ipc-1.1.0-cp36-cp36m-macosx_10_9_x86_64.whl", hash = "sha256:ff6e3c98d8aa3e1ae5378d86869c4699c76f94318705d08085c97fb010770a31"},
    {file = "sysv_ipc-1.1.0-cp37-cp37m-macosx_10_9_x86_64.whl", hash = "sha256:30611dccecd8fa0dc9f83d4d465e5047692df0ec9a095abef8b90ccc64afbdaf"},
    {file = "sysv_ipc-1.1.0-cp38-cp38-macosx_10_9_x86_64.whl", hash = "sha256:4bbbe4e5ad5ab859e6d21fc8ff3e3b01082b959fa5c2cd76289dbcd56350c5f9"},
    {file = "sysv_ipc-1.1.0-cp39-cp39-macosx_10_9_x86_64.whl", hash = "sha256:61190b934b0277f7a189092dcabceee8d9736fd73de90fd9b50ea69f0bac4723"},
    {file = "sysv_ipc-1.1.0.tar.gz", hash = "sha256:0f063cbd36ec232032e425769ebc871f195a7d183b9af32f9901589ea7129ac3"},
]

[[package]]
name = "tomli"
version = "2.0.2"
description = "A lil' TOML parser"
optional = false
python-versions = ">=3.8"
files = [
    {file = "tomli-2.0.2-py3-none-any.whl", hash = "sha256:2ebe24485c53d303f690b0ec092806a085f07af5a5aa1464f3931eec36caaa38"},
    {file = "tomli-2.0.2.tar.gz", hash = "sha256:d46d457a85337051c36524bc5349dd91b1877838e2979ac5ced3e710ed8a60ed"},
]

[[package]]
name = "typing-extensions"
version = "4.12.2"
description = "Backported and Experimental Type Hints for Python 3.8+"
optional = false
python-versions = ">=3.8"
files = [
    {file = "typing_extensions-4.12.2-py3-none-any.whl", hash = "sha256:04e5ca0351e0f3f85c6853954072df659d0d13fac324d0072316b67d7794700d"},
    {file = "typing_extensions-4.12.2.tar.gz", hash = "sha256:1a7ead55c7e559dd4dee8856e3a88b41225abfe1ce8df57b7c13915fe121ffb8"},
]

[[package]]
name = "urllib3"
version = "2.2.3"
description = "HTTP library with thread-safe connection pooling, file post, and more."
optional = false
python-versions = ">=3.8"
files = [
    {file = "urllib3-2.2.3-py3-none-any.whl", hash = "sha256:ca899ca043dcb1bafa3e262d73aa25c465bfb49e0bd9dd5d59f1d0acba2f8fac"},
    {file = "urllib3-2.2.3.tar.gz", hash = "sha256:e7d814a81dad81e6caf2ec9fdedb284ecc9c73076b62654547cc64ccdcae26e9"},
]

[package.extras]
brotli = ["brotli (>=1.0.9)", "brotlicffi (>=0.8.0)"]
h2 = ["h2 (>=4,<5)"]
socks = ["pysocks (>=1.5.6,!=1.5.7,<2.0)"]
zstd = ["zstandard (>=0.18.0)"]

[metadata]
lock-version = "2.0"
python-versions = "^3.9"
content-hash = "2c103114986345dce687eb4c09050f5011f1bd2e7e905a376b1e7a51e20d1a97"
